# @generated - this file is auto-generated by `mise lock` https://mise.en.dev/dev-tools/mise-lock.html

[[tools."github:release-plz/release-plz"]]
version = "release-plz-v0.3.159"
backend = "github:release-plz/release-plz"

[tools."github:release-plz/release-plz"."platforms.linux-arm64"]
checksum = "sha256:68c8a1790cb30dbf6a1a16de8e4ab5c343a961197c381b0e4dc4e314fbfa1c99"
url = "https://github.com/release-plz/release-plz/releases/download/release-plz-v0.3.159/release-plz-aarch64-unknown-linux-gnu.tar.gz"
url_api = "https://api.github.com/repos/release-plz/release-plz/releases/assets/442831569"

[tools."github:release-plz/release-plz"."platforms.linux-arm64-musl"]
checksum = "sha256:58b80ecce86ac24cbecf3f4cf37eeb0412583a0adf3a8ae608b6a4eb71737f35"
url = "https://github.com/release-plz/release-plz/releases/download/release-plz-v0.3.159/release-plz-aarch64-unknown-linux-musl.tar.gz"
url_api = "https://api.github.com/repos/release-plz/release-plz/releases/assets/442830780"

[tools."github:release-plz/release-plz"."platforms.linux-x64"]
checksum = "sha256:baeb11c5dd4a3d76971bbd9b48583519d0e0644a5ae60eb666c4f9331598157f"
url = "https://github.com/release-plz/release-plz/releases/download/release-plz-v0.3.159/release-plz-x86_64-unknown-linux-gnu.tar.gz"
url_api = "https://api.github.com/repos/release-plz/release-plz/releases/assets/442829710"

[tools."github:release-plz/release-plz"."platforms.linux-x64-musl"]
checksum = "sha256:b634dcb4a1b0724e00e924ab50e685704ef2bf8c6ebb809f4ac2ab16ac8458d9"
url = "https://github.com/release-plz/release-plz/releases/download/release-plz-v0.3.159/release-plz-x86_64-unknown-linux-musl.tar.gz"
url_api = "https://api.github.com/repos/release-plz/release-plz/releases/assets/442830250"

[tools."github:release-plz/release-plz"."platforms.macos-arm64"]
checksum = "sha256:c9ff7e895a018c6d6c1cd62c85d0ff296a8e6dd1647bc816b9251d8056b72e2f"
url = "https://github.com/release-plz/release-plz/releases/download/release-plz-v0.3.159/release-plz-aarch64-apple-darwin.tar.gz"
url_api = "https://api.github.com/repos/release-plz/release-plz/releases/assets/442829894"

[tools."github:release-plz/release-plz"."platforms.macos-x64"]
checksum = "sha256:9f1655e61918ac6f04b3189ecf9e6ec91dbdcec8abb185a978ebd11e9c7951dc"
url = "https://github.com/release-plz/release-plz/releases/download/release-plz-v0.3.159/release-plz-x86_64-unknown-freebsd.tar.gz"
url_api = "https://api.github.com/repos/release-plz/release-plz/releases/assets/442830984"

[tools."github:release-plz/release-plz"."platforms.windows-x64"]
checksum = "sha256:9cbd74ca73be3f9ba2c32206efd1bad6340339558a178f44e2426afc4851fd18"
url = "https://github.com/release-plz/release-plz/releases/download/release-plz-v0.3.159/release-plz-x86_64-pc-windows-msvc.zip"
url_api = "https://api.github.com/repos/release-plz/release-plz/releases/assets/442833960"

[[tools.rust]]
version = "1.96.0"
backend = "core:rust"
